
Microsoft Visual Studio Solution File, Format Version 12.00
# Visual Studio Version 17
VisualStudioVersion = 17.13.35825.156 d17.13
MinimumVisualStudioVersion = 10.0.40219.1
Project("{FAE04EC0-301F-11D3-BF4B-00C04F79EFBC}") = "WebApplication5", "WebApplication5\WebApplication5.csproj", "{6CF40D99-2717-4047-946A-27D7BD859A88}"
EndProject
Global
	GlobalSection(SolutionConfigurationPlatforms) = preSolution
		Debug|Any CPU = Debug|Any CPU
		Release|Any CPU = Release|Any CPU
	EndGlobalSection
	GlobalSection(ProjectConfigurationPlatforms) = postSolution
		{6CF40D99-2717-4047-946A-27D7BD859A88}.Debug|Any CPU.ActiveCfg = Debug|Any CPU
		{6CF40D99-2717-4047-946A-27D7BD859A88}.Debug|Any CPU.Build.0 = Debug|Any CPU
		{6CF40D99-2717-4047-946A-27D7BD859A88}.Release|Any CPU.ActiveCfg = Release|Any CPU
		{6CF40D99-2717-4047-946A-27D7BD859A88}.Release|Any CPU.Build.0 = Release|Any CPU
	EndGlobalSection
	GlobalSection(SolutionProperties) = preSolution
		HideSolutionNode = FALSE
	EndGlobalSection
	GlobalSection(ExtensibilityGlobals) = postSolution
		SolutionGuid = {6B85A98E-7AEA-40CA-BFD0-3DBBB4658E7F}
	EndGlobalSection
EndGlobal
